
Microsoft Visual Studio Solution File, Format Version 12.00
# Visual Studio Version 18
VisualStudioVersion = 18.3.11505.172
MinimumVisualStudioVersion = 10.0.40219.1
Project("{FAE04EC0-301F-11D3-BF4B-00C04F79EFBC}") = "DataLibrary", "..\DataLibrary\DataLibrary.csproj", "{3AA92D3B-A0FA-D458-9216-93D5FF95D4CE}"
EndProject
Project("{FAE04EC0-301F-11D3-BF4B-00C04F79EFBC}") = "FeedOptimizationApp", "FeedOptimizationApp.csproj", "{77D89D21-3E34-52BC-8138-D68CE51E95A2}"
EndProject
Project("{FAE04EC0-301F-11D3-BF4B-00C04F79EFBC}") = "FeedOptimizationApp.Shared", "..\FeedOptimizationApp.Shared\FeedOptimizationApp.Shared.csproj", "{BC0E288F-9D56-F673-70E6-71979904A028}"
EndProject
Global
	GlobalSection(SolutionConfigurationPlatforms) = preSolution
		Debug|Any CPU = Debug|Any CPU
		Release|Any CPU = Release|Any CPU
	EndGlobalSection
	GlobalSection(ProjectConfigurationPlatforms) = postSolution
		{3AA92D3B-A0FA-D458-9216-93D5FF95D4CE}.Debug|Any CPU.ActiveCfg = Debug|Any CPU
		{3AA92D3B-A0FA-D458-9216-93D5FF95D4CE}.Debug|Any CPU.Build.0 = Debug|Any CPU
		{3AA92D3B-A0FA-D458-9216-93D5FF95D4CE}.Release|Any CPU.ActiveCfg = Release|Any CPU
		{3AA92D3B-A0FA-D458-9216-93D5FF95D4CE}.Release|Any CPU.Build.0 = Release|Any CPU
		{77D89D21-3E34-52BC-8138-D68CE51E95A2}.Debug|Any CPU.ActiveCfg = Debug|Any CPU
		{77D89D21-3E34-52BC-8138-D68CE51E95A2}.Debug|Any CPU.Build.0 = Debug|Any CPU
		{77D89D21-3E34-52BC-8138-D68CE51E95A2}.Release|Any CPU.ActiveCfg = Release|Any CPU
		{77D89D21-3E34-52BC-8138-D68CE51E95A2}.Release|Any CPU.Build.0 = Release|Any CPU
		{BC0E288F-9D56-F673-70E6-71979904A028}.Debug|Any CPU.ActiveCfg = Debug|Any CPU
		{BC0E288F-9D56-F673-70E6-71979904A028}.Debug|Any CPU.Build.0 = Debug|Any CPU
		{BC0E288F-9D56-F673-70E6-71979904A028}.Release|Any CPU.ActiveCfg = Release|Any CPU
		{BC0E288F-9D56-F673-70E6-71979904A028}.Release|Any CPU.Build.0 = Release|Any CPU
	EndGlobalSection
	GlobalSection(SolutionProperties) = preSolution
		HideSolutionNode = FALSE
	EndGlobalSection
	GlobalSection(ExtensibilityGlobals) = postSolution
		SolutionGuid = {F2E1BBAF-3F41-41C7-9E9A-25FC920D6DBB}
	EndGlobalSection
EndGlobal
